
Microsoft Visual Studio Solution File, Format Version 12.00
# Visual Studio Version 17
VisualStudioVersion = 17.0.32112.339
MinimumVisualStudioVersion = 10.0.40219.1
Project("{FAE04EC0-301F-11D3-BF4B-00C04F79EFBC}") = "RazorPagesMovie", "RazorPagesMovie\RazorPagesMovie.csproj", "{3A65B702-698E-4723-8E90-1B9BF27B357E}"
EndProject
Global
	GlobalSection(SolutionConfigurationPlatforms) = preSolution
		Debug|Any CPU = Debug|Any CPU
		Release|Any CPU = Release|Any CPU
	EndGlobalSection
	GlobalSection(ProjectConfigurationPlatforms) = postSolution
		{3A65B702-698E-4723-8E90-1B9BF27B357E}.Debug|Any CPU.ActiveCfg = Debug|Any CPU
		{3A65B702-698E-4723-8E90-1B9BF27B357E}.Debug|Any CPU.Build.0 = Debug|Any CPU
		{3A65B702-698E-4723-8E90-1B9BF27B357E}.Release|Any CPU.ActiveCfg = Release|Any CPU
		{3A65B702-698E-4723-8E90-1B9BF27B357E}.Release|Any CPU.Build.0 = Release|Any CPU
	EndGlobalSection
	GlobalSection(SolutionProperties) = preSolution
		HideSolutionNode = FALSE
	EndGlobalSection
	GlobalSection(ExtensibilityGlobals) = postSolution
		SolutionGuid = {6ADC6868-15F9-4E63-A325-CA8E4F1B9FFA}
	EndGlobalSection
EndGlobal
